
Microsoft Visual Studio Solution File, Format Version 12.00
# Visual Studio Version 16
VisualStudioVersion = 16.0.29519.87
MinimumVisualStudioVersion = 10.0.40219.1
Project("{FAE04EC0-301F-11D3-BF4B-00C04F79EFBC}") = "API", "API\API.csproj", "{A5FBDDA7-3B03-43B3-87FB-C213F67074ED}"
EndProject
Global
	GlobalSection(SolutionConfigurationPlatforms) = preSolution
		Debug|Any CPU = Debug|Any CPU
		Release|Any CPU = Release|Any CPU
	EndGlobalSection
	GlobalSection(ProjectConfigurationPlatforms) = postSolution
		{A5FBDDA7-3B03-43B3-87FB-C213F67074ED}.Debug|Any CPU.ActiveCfg = Debug|Any CPU
		{A5FBDDA7-3B03-43B3-87FB-C213F67074ED}.Debug|Any CPU.Build.0 = Debug|Any CPU
		{A5FBDDA7-3B03-43B3-87FB-C213F67074ED}.Release|Any CPU.ActiveCfg = Release|Any CPU
		{A5FBDDA7-3B03-43B3-87FB-C213F67074ED}.Release|Any CPU.Build.0 = Release|Any CPU
	EndGlobalSection
	GlobalSection(SolutionProperties) = preSolution
		HideSolutionNode = FALSE
	EndGlobalSection
	GlobalSection(ExtensibilityGlobals) = postSolution
		SolutionGuid = {53F64F2A-6C9F-432C-BF4D-B583CFEF89A9}
	EndGlobalSection
EndGlobal
